
Microsoft Visual Studio Solution File, Format Version 12.00
# Visual Studio Version 17
VisualStudioVersion = 17.14.36202.13 d17.14
MinimumVisualStudioVersion = 10.0.40219.1
Project("{FAE04EC0-301F-11D3-BF4B-00C04F79EFBC}") = "Limet_Maxence_POO_ACT 3_Héritage_Ex1", "Limet_Maxence_POO_ACT 3_Héritage_Ex1.csproj", "{F167CE32-F300-445F-BCA0-4BFD7B2CA29B}"
EndProject
Global
	GlobalSection(SolutionConfigurationPlatforms) = preSolution
		Debug|Any CPU = Debug|Any CPU
		Release|Any CPU = Release|Any CPU
	EndGlobalSection
	GlobalSection(ProjectConfigurationPlatforms) = postSolution
		{F167CE32-F300-445F-BCA0-4BFD7B2CA29B}.Debug|Any CPU.ActiveCfg = Debug|Any CPU
		{F167CE32-F300-445F-BCA0-4BFD7B2CA29B}.Debug|Any CPU.Build.0 = Debug|Any CPU
		{F167CE32-F300-445F-BCA0-4BFD7B2CA29B}.Release|Any CPU.ActiveCfg = Release|Any CPU
		{F167CE32-F300-445F-BCA0-4BFD7B2CA29B}.Release|Any CPU.Build.0 = Release|Any CPU
	EndGlobalSection
	GlobalSection(SolutionProperties) = preSolution
		HideSolutionNode = FALSE
	EndGlobalSection
	GlobalSection(ExtensibilityGlobals) = postSolution
		SolutionGuid = {1AF98B85-7C75-4373-BB52-FB9CF33FE69E}
	EndGlobalSection
EndGlobal
